
Microsoft Visual Studio Solution File, Format Version 12.00
# Visual Studio Version 17
VisualStudioVersion = 17.8.34330.188
MinimumVisualStudioVersion = 10.0.40219.1
Project("{FAE04EC0-301F-11D3-BF4B-00C04F79EFBC}") = "Tic tac toe game", "Tic tac toe game\Tic tac toe game.csproj", "{190FA748-1B5C-484E-A296-CBAF8BC0837E}"
EndProject
Global
	GlobalSection(SolutionConfigurationPlatforms) = preSolution
		Debug|Any CPU = Debug|Any CPU
		Release|Any CPU = Release|Any CPU
	EndGlobalSection
	GlobalSection(ProjectConfigurationPlatforms) = postSolution
		{190FA748-1B5C-484E-A296-CBAF8BC0837E}.Debug|Any CPU.ActiveCfg = Debug|Any CPU
		{190FA748-1B5C-484E-A296-CBAF8BC0837E}.Debug|Any CPU.Build.0 = Debug|Any CPU
		{190FA748-1B5C-484E-A296-CBAF8BC0837E}.Release|Any CPU.ActiveCfg = Release|Any CPU
		{190FA748-1B5C-484E-A296-CBAF8BC0837E}.Release|Any CPU.Build.0 = Release|Any CPU
	EndGlobalSection
	GlobalSection(SolutionProperties) = preSolution
		HideSolutionNode = FALSE
	EndGlobalSection
	GlobalSection(ExtensibilityGlobals) = postSolution
		SolutionGuid = {0AC635D2-75E5-4B99-B0C9-836C6FF34151}
	EndGlobalSection
EndGlobal
